{
  "name": "uni-admin",
  "version": "1.0.0",
  "lockfileVersion": 1,
  "requires": true,
  "dependencies": {
    "moment": {
      "version": "2.29.1",
      "resolved": "https://registry.npmjs.org/moment/-/moment-2.29.1.tgz",
      "integrity": "sha512-kHmoybcPV8Sqy59DwNDY3Jefr64lK/by/da0ViFcuA4DH0vQg5Q6Ze5VimxkfQNSC+Mls/Kx53s7TjP1RhFEDQ=="
    },
    "number-precision": {
      "version": "1.5.0",
      "resolved": "https://registry.npmjs.org/number-precision/-/number-precision-1.5.0.tgz",
      "integrity": "sha512-CxmQK1FFj3G3YXS4PDZSz3+IvtNESpuMwK6JY+y4IIDBbyY1ldkvk2nqBzDJj+EKFXZrrmL/fObqtSoB8b/jZQ=="
    },
    "uni-cloud-router": {
      "version": "file:../common/uni-cloud-router"
    },
    "uni-id": {
      "version": "file:../common/uni-id"
    }
  }
}
